
Microsoft Visual Studio Solution File, Format Version 12.00
# Visual Studio Version 16
VisualStudioVersion = 25.0.1704.0
MinimumVisualStudioVersion = 10.0.40219.1
Project("{FAE04EC0-301F-11D3-BF4B-00C04F79EFBC}") = "eval-atdd", "eval-atdd\eval-atdd.csproj", "{0064432D-2ACD-47BD-B381-D47FF9B2C671}"
EndProject
Project("{FAE04EC0-301F-11D3-BF4B-00C04F79EFBC}") = "eval-specflow", "eval-specflow\eval-specflow.csproj", "{AFB5A81F-7BED-4D7F-A31F-EC83CE04E122}"
EndProject
Global
	GlobalSection(SolutionConfigurationPlatforms) = preSolution
		Debug|Any CPU = Debug|Any CPU
		Release|Any CPU = Release|Any CPU
	EndGlobalSection
	GlobalSection(ProjectConfigurationPlatforms) = postSolution
		{0064432D-2ACD-47BD-B381-D47FF9B2C671}.Debug|Any CPU.ActiveCfg = Debug|Any CPU
		{0064432D-2ACD-47BD-B381-D47FF9B2C671}.Debug|Any CPU.Build.0 = Debug|Any CPU
		{0064432D-2ACD-47BD-B381-D47FF9B2C671}.Release|Any CPU.ActiveCfg = Release|Any CPU
		{0064432D-2ACD-47BD-B381-D47FF9B2C671}.Release|Any CPU.Build.0 = Release|Any CPU
		{AFB5A81F-7BED-4D7F-A31F-EC83CE04E122}.Debug|Any CPU.ActiveCfg = Debug|Any CPU
		{AFB5A81F-7BED-4D7F-A31F-EC83CE04E122}.Debug|Any CPU.Build.0 = Debug|Any CPU
		{AFB5A81F-7BED-4D7F-A31F-EC83CE04E122}.Release|Any CPU.ActiveCfg = Release|Any CPU
		{AFB5A81F-7BED-4D7F-A31F-EC83CE04E122}.Release|Any CPU.Build.0 = Release|Any CPU
	EndGlobalSection
	GlobalSection(SolutionProperties) = preSolution
		HideSolutionNode = FALSE
	EndGlobalSection
	GlobalSection(ExtensibilityGlobals) = postSolution
		SolutionGuid = {77678E00-BB78-40E2-8FFE-8889C1C60D70}
	EndGlobalSection
EndGlobal
